
Microsoft Visual Studio Solution File, Format Version 12.00
# Visual Studio Version 17
VisualStudioVersion = 17.4.33122.133
MinimumVisualStudioVersion = 10.0.40219.1
Project("{9A19103F-16F7-4668-BE54-9A1E7A4F7556}") = "Chess.Engine", "Chess.Engine\Chess.Engine.csproj", "{64443C51-C653-42A5-B453-613E50002FF6}"
EndProject
Project("{FAE04EC0-301F-11D3-BF4B-00C04F79EFBC}") = "Chess.UI", "Chess.UI\Chess.UI.csproj", "{CC45A6DF-D8AE-4ED6-A9B3-0443B67C26CF}"
EndProject
Global
	GlobalSection(SolutionConfigurationPlatforms) = preSolution
		Debug|Any CPU = Debug|Any CPU
		Release|Any CPU = Release|Any CPU
	EndGlobalSection
	GlobalSection(ProjectConfigurationPlatforms) = postSolution
		{64443C51-C653-42A5-B453-613E50002FF6}.Debug|Any CPU.ActiveCfg = Debug|Any CPU
		{64443C51-C653-42A5-B453-613E50002FF6}.Debug|Any CPU.Build.0 = Debug|Any CPU
		{64443C51-C653-42A5-B453-613E50002FF6}.Release|Any CPU.ActiveCfg = Release|Any CPU
		{64443C51-C653-42A5-B453-613E50002FF6}.Release|Any CPU.Build.0 = Release|Any CPU
		{CC45A6DF-D8AE-4ED6-A9B3-0443B67C26CF}.Debug|Any CPU.ActiveCfg = Debug|Any CPU
		{CC45A6DF-D8AE-4ED6-A9B3-0443B67C26CF}.Debug|Any CPU.Build.0 = Debug|Any CPU
		{CC45A6DF-D8AE-4ED6-A9B3-0443B67C26CF}.Release|Any CPU.ActiveCfg = Release|Any CPU
		{CC45A6DF-D8AE-4ED6-A9B3-0443B67C26CF}.Release|Any CPU.Build.0 = Release|Any CPU
	EndGlobalSection
	GlobalSection(SolutionProperties) = preSolution
		HideSolutionNode = FALSE
	EndGlobalSection
	GlobalSection(ExtensibilityGlobals) = postSolution
		SolutionGuid = {0E893A31-5AA8-4572-9A63-BB68E76FE757}
	EndGlobalSection
EndGlobal
